
Microsoft Visual Studio Solution File, Format Version 12.00
# Visual Studio 2013
VisualStudioVersion = 12.0.21005.1
MinimumVisualStudioVersion = 10.0.40219.1
Project("{FAE04EC0-301F-11D3-BF4B-00C04F79EFBC}") = "SitecoreTemplate", "SitecoreTemplate\SitecoreTemplate.csproj", "{C4CE7F18-ED41-4C59-AB73-6BC01B6A9B29}"
EndProject
Project("{2150E333-8FDC-42A3-9474-1A3956D46DE8}") = ".nuget", ".nuget", "{5BE1218B-B0B9-4081-AA00-33AA35C68790}"
	ProjectSection(SolutionItems) = preProject
		.nuget\NuGet.Config = .nuget\NuGet.Config
		.nuget\NuGet.exe = .nuget\NuGet.exe
		.nuget\NuGet.targets = .nuget\NuGet.targets
		.nuget\packages.config = .nuget\packages.config
	EndProjectSection
EndProject
Project("{FAE04EC0-301F-11D3-BF4B-00C04F79EFBC}") = "Package", "Package\Package.csproj", "{3F31E9B4-8CDD-4667-80C6-8BA949EFFFDA}"
	ProjectSection(ProjectDependencies) = postProject
		{F74E9EC2-0CAB-4C87-AC89-59D606AF3F1E} = {F74E9EC2-0CAB-4C87-AC89-59D606AF3F1E}
	EndProjectSection
EndProject
Project("{2150E333-8FDC-42A3-9474-1A3956D46DE8}") = "Solution Items", "Solution Items", "{3C57C4C9-5A93-47FE-B792-DDE97F4A7E25}"
	ProjectSection(SolutionItems) = preProject
		build-vsix.cmd = build-vsix.cmd
		install.cmd = install.cmd
	EndProjectSection
EndProject
Project("{FAE04EC0-301F-11D3-BF4B-00C04F79EFBC}") = "Package.Wizards", "Package.Wizards\Package.Wizards.csproj", "{F74E9EC2-0CAB-4C87-AC89-59D606AF3F1E}"
EndProject
Global
	GlobalSection(SolutionConfigurationPlatforms) = preSolution
		Debug|Any CPU = Debug|Any CPU
		Release|Any CPU = Release|Any CPU
	EndGlobalSection
	GlobalSection(ProjectConfigurationPlatforms) = postSolution
		{C4CE7F18-ED41-4C59-AB73-6BC01B6A9B29}.Debug|Any CPU.ActiveCfg = Debug|Any CPU
		{C4CE7F18-ED41-4C59-AB73-6BC01B6A9B29}.Debug|Any CPU.Build.0 = Debug|Any CPU
		{C4CE7F18-ED41-4C59-AB73-6BC01B6A9B29}.Release|Any CPU.ActiveCfg = Release|Any CPU
		{C4CE7F18-ED41-4C59-AB73-6BC01B6A9B29}.Release|Any CPU.Build.0 = Release|Any CPU
		{3F31E9B4-8CDD-4667-80C6-8BA949EFFFDA}.Debug|Any CPU.ActiveCfg = Debug|Any CPU
		{3F31E9B4-8CDD-4667-80C6-8BA949EFFFDA}.Debug|Any CPU.Build.0 = Debug|Any CPU
		{3F31E9B4-8CDD-4667-80C6-8BA949EFFFDA}.Release|Any CPU.ActiveCfg = Release|Any CPU
		{3F31E9B4-8CDD-4667-80C6-8BA949EFFFDA}.Release|Any CPU.Build.0 = Release|Any CPU
		{F74E9EC2-0CAB-4C87-AC89-59D606AF3F1E}.Debug|Any CPU.ActiveCfg = Debug|Any CPU
		{F74E9EC2-0CAB-4C87-AC89-59D606AF3F1E}.Debug|Any CPU.Build.0 = Debug|Any CPU
		{F74E9EC2-0CAB-4C87-AC89-59D606AF3F1E}.Release|Any CPU.ActiveCfg = Release|Any CPU
		{F74E9EC2-0CAB-4C87-AC89-59D606AF3F1E}.Release|Any CPU.Build.0 = Release|Any CPU
	EndGlobalSection
	GlobalSection(SolutionProperties) = preSolution
		HideSolutionNode = FALSE
	EndGlobalSection
EndGlobal
